
Microsoft Visual Studio Solution File, Format Version 12.00
# Visual Studio Version 17
VisualStudioVersion = 17.0.32002.185
MinimumVisualStudioVersion = 10.0.40219.1
Project("{FAE04EC0-301F-11D3-BF4B-00C04F79EFBC}") = "SystemLog", "SystemLog\SystemLog.csproj", "{2047FCA4-93B1-44BD-9A21-A24A1AD73C11}"
EndProject
Global
	GlobalSection(SolutionConfigurationPlatforms) = preSolution
		Debug|Any CPU = Debug|Any CPU
		Release|Any CPU = Release|Any CPU
	EndGlobalSection
	GlobalSection(ProjectConfigurationPlatforms) = postSolution
		{2047FCA4-93B1-44BD-9A21-A24A1AD73C11}.Debug|Any CPU.ActiveCfg = Debug|Any CPU
		{2047FCA4-93B1-44BD-9A21-A24A1AD73C11}.Debug|Any CPU.Build.0 = Debug|Any CPU
		{2047FCA4-93B1-44BD-9A21-A24A1AD73C11}.Release|Any CPU.ActiveCfg = Release|Any CPU
		{2047FCA4-93B1-44BD-9A21-A24A1AD73C11}.Release|Any CPU.Build.0 = Release|Any CPU
	EndGlobalSection
	GlobalSection(SolutionProperties) = preSolution
		HideSolutionNode = FALSE
	EndGlobalSection
	GlobalSection(ExtensibilityGlobals) = postSolution
		SolutionGuid = {6981DCDF-C217-48FB-B8DE-E841E4A52982}
	EndGlobalSection
EndGlobal
